
Microsoft Visual Studio Solution File, Format Version 12.00
# Visual Studio 14
VisualStudioVersion = 14.0.24720.0
MinimumVisualStudioVersion = 10.0.40219.1
Project("{FAE04EC0-301F-11D3-BF4B-00C04F79EFBC}") = "GenesisTrialTest.Runner", "GenesisTrialTest\GenesisTrialTest.Runner.csproj", "{701FA741-CD70-4B01-9A1C-56A07E8C07F0}"
	ProjectSection(ProjectDependencies) = postProject
		{9D305428-8FBC-46D0-A286-3B802AF483D6} = {9D305428-8FBC-46D0-A286-3B802AF483D6}
		{34684EBF-8339-4720-830C-D6778EC6D439} = {34684EBF-8339-4720-830C-D6778EC6D439}
		{981A45EA-8A4B-46ED-A0B3-3FD706EE4EB3} = {981A45EA-8A4B-46ED-A0B3-3FD706EE4EB3}
	EndProjectSection
EndProject
Project("{FAE04EC0-301F-11D3-BF4B-00C04F79EFBC}") = "NoCompany.EmailNotifier", "EmailNotifyer\NoCompany.EmailNotifier.csproj", "{34684EBF-8339-4720-830C-D6778EC6D439}"
EndProject
Project("{FAE04EC0-301F-11D3-BF4B-00C04F79EFBC}") = "NoCompany.Data", "Data\NoCompany.Data.csproj", "{9D305428-8FBC-46D0-A286-3B802AF483D6}"
EndProject
Project("{FAE04EC0-301F-11D3-BF4B-00C04F79EFBC}") = "NoCompany.DataAnalyzer", "DataAnalyzer\NoCompany.DataAnalyzer.csproj", "{981A45EA-8A4B-46ED-A0B3-3FD706EE4EB3}"
EndProject
Project("{FAE04EC0-301F-11D3-BF4B-00C04F79EFBC}") = "NoCompany.Interfaces", "Interfaces\NoCompany.Interfaces.csproj", "{EABC9645-D4BA-47EB-8BD8-2E72760D7CE3}"
EndProject
Global
	GlobalSection(SolutionConfigurationPlatforms) = preSolution
		Debug|Any CPU = Debug|Any CPU
		Release|Any CPU = Release|Any CPU
	EndGlobalSection
	GlobalSection(ProjectConfigurationPlatforms) = postSolution
		{701FA741-CD70-4B01-9A1C-56A07E8C07F0}.Debug|Any CPU.ActiveCfg = Debug|Any CPU
		{701FA741-CD70-4B01-9A1C-56A07E8C07F0}.Debug|Any CPU.Build.0 = Debug|Any CPU
		{701FA741-CD70-4B01-9A1C-56A07E8C07F0}.Release|Any CPU.ActiveCfg = Release|Any CPU
		{701FA741-CD70-4B01-9A1C-56A07E8C07F0}.Release|Any CPU.Build.0 = Release|Any CPU
		{34684EBF-8339-4720-830C-D6778EC6D439}.Debug|Any CPU.ActiveCfg = Debug|Any CPU
		{34684EBF-8339-4720-830C-D6778EC6D439}.Debug|Any CPU.Build.0 = Debug|Any CPU
		{34684EBF-8339-4720-830C-D6778EC6D439}.Release|Any CPU.ActiveCfg = Release|Any CPU
		{34684EBF-8339-4720-830C-D6778EC6D439}.Release|Any CPU.Build.0 = Release|Any CPU
		{9D305428-8FBC-46D0-A286-3B802AF483D6}.Debug|Any CPU.ActiveCfg = Debug|Any CPU
		{9D305428-8FBC-46D0-A286-3B802AF483D6}.Debug|Any CPU.Build.0 = Debug|Any CPU
		{9D305428-8FBC-46D0-A286-3B802AF483D6}.Release|Any CPU.ActiveCfg = Release|Any CPU
		{9D305428-8FBC-46D0-A286-3B802AF483D6}.Release|Any CPU.Build.0 = Release|Any CPU
		{981A45EA-8A4B-46ED-A0B3-3FD706EE4EB3}.Debug|Any CPU.ActiveCfg = Debug|Any CPU
		{981A45EA-8A4B-46ED-A0B3-3FD706EE4EB3}.Debug|Any CPU.Build.0 = Debug|Any CPU
		{981A45EA-8A4B-46ED-A0B3-3FD706EE4EB3}.Release|Any CPU.ActiveCfg = Release|Any CPU
		{981A45EA-8A4B-46ED-A0B3-3FD706EE4EB3}.Release|Any CPU.Build.0 = Release|Any CPU
		{EABC9645-D4BA-47EB-8BD8-2E72760D7CE3}.Debug|Any CPU.ActiveCfg = Debug|Any CPU
		{EABC9645-D4BA-47EB-8BD8-2E72760D7CE3}.Debug|Any CPU.Build.0 = Debug|Any CPU
		{EABC9645-D4BA-47EB-8BD8-2E72760D7CE3}.Release|Any CPU.ActiveCfg = Release|Any CPU
		{EABC9645-D4BA-47EB-8BD8-2E72760D7CE3}.Release|Any CPU.Build.0 = Release|Any CPU
	EndGlobalSection
	GlobalSection(SolutionProperties) = preSolution
		HideSolutionNode = FALSE
	EndGlobalSection
EndGlobal
